
Microsoft Visual Studio Solution File, Format Version 12.00
# Visual Studio Version 17
VisualStudioVersion = 17.3.32811.315
MinimumVisualStudioVersion = 10.0.40219.1
Project("{8BC9CEB8-8B4A-11D0-8D11-00A0C91BC942}") = "3.1", "Homework\Homework.vcxproj", "{EE580D62-D3D3-4D70-98EE-A30218AE599E}"
EndProject
Project("{8BC9CEB8-8B4A-11D0-8D11-00A0C91BC942}") = "3.2", "3.2\3.2.vcxproj", "{D77F5890-5BBA-4F3F-B175-8E0AD3CC905D}"
EndProject
Project("{8BC9CEB8-8B4A-11D0-8D11-00A0C91BC942}") = "3.3", "3.3\3.3.vcxproj", "{C37EE3CE-73DA-444E-BDF5-DE9442669968}"
EndProject
Project("{8BC9CEB8-8B4A-11D0-8D11-00A0C91BC942}") = "3.4", "3.4\3.4.vcxproj", "{35D0DF30-C284-4117-9FD0-1B1E4504E5DD}"
EndProject
Project("{8BC9CEB8-8B4A-11D0-8D11-00A0C91BC942}") = "3.5", "3.5\3.5.vcxproj", "{99A19A3E-BD36-44F8-8745-FC12C5D4EC96}"
EndProject
Project("{8BC9CEB8-8B4A-11D0-8D11-00A0C91BC942}") = "4.1", "4.1\4.1.vcxproj", "{8DFF9ED8-060E-427F-937B-FC24D9C21ED4}"
EndProject
Project("{8BC9CEB8-8B4A-11D0-8D11-00A0C91BC942}") = "4.2", "4.2\4.2.vcxproj", "{376190E6-2381-4214-84CD-9B165CEE1774}"
EndProject
Project("{8BC9CEB8-8B4A-11D0-8D11-00A0C91BC942}") = "4.3", "4.3\4.3.vcxproj", "{11E49575-BFEF-42E1-B52B-A3283BFE2927}"
EndProject
Project("{8BC9CEB8-8B4A-11D0-8D11-00A0C91BC942}") = "4.4", "4.4\4.4.vcxproj", "{49571920-60F5-49E3-AC5B-DBA9B942E66E}"
EndProject
Project("{8BC9CEB8-8B4A-11D0-8D11-00A0C91BC942}") = "4.5", "4.5\4.5.vcxproj", "{CA34A274-5D4A-4519-9BA9-CEA733AFF299}"
EndProject
Project("{8BC9CEB8-8B4A-11D0-8D11-00A0C91BC942}") = "4.6", "4.6\4.6.vcxproj", "{0B7A59C2-1DAE-467B-B4B9-E01CB5950F94}"
EndProject
Project("{8BC9CEB8-8B4A-11D0-8D11-00A0C91BC942}") = "4.7", "4.7\4.7.vcxproj", "{BCF46E25-9E2A-49AE-961C-D95BF7E555D1}"
EndProject
Global
	GlobalSection(SolutionConfigurationPlatforms) = preSolution
		Debug|x64 = Debug|x64
		Debug|x86 = Debug|x86
		Release|x64 = Release|x64
		Release|x86 = Release|x86
	EndGlobalSection
	GlobalSection(ProjectConfigurationPlatforms) = postSolution
		{EE580D62-D3D3-4D70-98EE-A30218AE599E}.Debug|x64.ActiveCfg = Debug|x64
		{EE580D62-D3D3-4D70-98EE-A30218AE599E}.Debug|x64.Build.0 = Debug|x64
		{EE580D62-D3D3-4D70-98EE-A30218AE599E}.Debug|x86.ActiveCfg = Debug|Win32
		{EE580D62-D3D3-4D70-98EE-A30218AE599E}.Debug|x86.Build.0 = Debug|Win32
		{EE580D62-D3D3-4D70-98EE-A30218AE599E}.Release|x64.ActiveCfg = Release|x64
		{EE580D62-D3D3-4D70-98EE-A30218AE599E}.Release|x64.Build.0 = Release|x64
		{EE580D62-D3D3-4D70-98EE-A30218AE599E}.Release|x86.ActiveCfg = Release|Win32
		{EE580D62-D3D3-4D70-98EE-A30218AE599E}.Release|x86.Build.0 = Release|Win32
		{D77F5890-5BBA-4F3F-B175-8E0AD3CC905D}.Debug|x64.ActiveCfg = Debug|x64
		{D77F5890-5BBA-4F3F-B175-8E0AD3CC905D}.Debug|x64.Build.0 = Debug|x64
		{D77F5890-5BBA-4F3F-B175-8E0AD3CC905D}.Debug|x86.ActiveCfg = Debug|Win32
		{D77F5890-5BBA-4F3F-B175-8E0AD3CC905D}.Debug|x86.Build.0 = Debug|Win32
		{D77F5890-5BBA-4F3F-B175-8E0AD3CC905D}.Release|x64.ActiveCfg = Release|x64
		{D77F5890-5BBA-4F3F-B175-8E0AD3CC905D}.Release|x64.Build.0 = Release|x64
		{D77F5890-5BBA-4F3F-B175-8E0AD3CC905D}.Release|x86.ActiveCfg = Release|Win32
		{D77F5890-5BBA-4F3F-B175-8E0AD3CC905D}.Release|x86.Build.0 = Release|Win32
		{C37EE3CE-73DA-444E-BDF5-DE9442669968}.Debug|x64.ActiveCfg = Debug|x64
		{C37EE3CE-73DA-444E-BDF5-DE9442669968}.Debug|x64.Build.0 = Debug|x64
		{C37EE3CE-73DA-444E-BDF5-DE9442669968}.Debug|x86.ActiveCfg = Debug|Win32
		{C37EE3CE-73DA-444E-BDF5-DE9442669968}.Debug|x86.Build.0 = Debug|Win32
		{C37EE3CE-73DA-444E-BDF5-DE9442669968}.Release|x64.ActiveCfg = Release|x64
		{C37EE3CE-73DA-444E-BDF5-DE9442669968}.Release|x64.Build.0 = Release|x64
		{C37EE3CE-73DA-444E-BDF5-DE9442669968}.Release|x86.ActiveCfg = Release|Win32
		{C37EE3CE-73DA-444E-BDF5-DE9442669968}.Release|x86.Build.0 = Release|Win32
		{35D0DF30-C284-4117-9FD0-1B1E4504E5DD}.Debug|x64.ActiveCfg = Debug|x64
		{35D0DF30-C284-4117-9FD0-1B1E4504E5DD}.Debug|x64.Build.0 = Debug|x64
		{35D0DF30-C284-4117-9FD0-1B1E4504E5DD}.Debug|x86.ActiveCfg = Debug|Win32
		{35D0DF30-C284-4117-9FD0-1B1E4504E5DD}.Debug|x86.Build.0 = Debug|Win32
		{35D0DF30-C284-4117-9FD0-1B1E4504E5DD}.Release|x64.ActiveCfg = Release|x64
		{35D0DF30-C284-4117-9FD0-1B1E4504E5DD}.Release|x64.Build.0 = Release|x64
		{35D0DF30-C284-4117-9FD0-1B1E4504E5DD}.Release|x86.ActiveCfg = Release|Win32
		{35D0DF30-C284-4117-9FD0-1B1E4504E5DD}.Release|x86.Build.0 = Release|Win32
		{99A19A3E-BD36-44F8-8745-FC12C5D4EC96}.Debug|x64.ActiveCfg = Debug|x64
		{99A19A3E-BD36-44F8-8745-FC12C5D4EC96}.Debug|x64.Build.0 = Debug|x64
		{99A19A3E-BD36-44F8-8745-FC12C5D4EC96}.Debug|x86.ActiveCfg = Debug|Win32
		{99A19A3E-BD36-44F8-8745-FC12C5D4EC96}.Debug|x86.Build.0 = Debug|Win32
		{99A19A3E-BD36-44F8-8745-FC12C5D4EC96}.Release|x64.ActiveCfg = Release|x64
		{99A19A3E-BD36-44F8-8745-FC12C5D4EC96}.Release|x64.Build.0 = Release|x64
		{99A19A3E-BD36-44F8-8745-FC12C5D4EC96}.Release|x86.ActiveCfg = Release|Win32
		{99A19A3E-BD36-44F8-8745-FC12C5D4EC96}.Release|x86.Build.0 = Release|Win32
		{8DFF9ED8-060E-427F-937B-FC24D9C21ED4}.Debug|x64.ActiveCfg = Debug|x64
		{8DFF9ED8-060E-427F-937B-FC24D9C21ED4}.Debug|x64.Build.0 = Debug|x64
		{8DFF9ED8-060E-427F-937B-FC24D9C21ED4}.Debug|x86.ActiveCfg = Debug|Win32
		{8DFF9ED8-060E-427F-937B-FC24D9C21ED4}.Debug|x86.Build.0 = Debug|Win32
		{8DFF9ED8-060E-427F-937B-FC24D9C21ED4}.Release|x64.ActiveCfg = Release|x64
		{8DFF9ED8-060E-427F-937B-FC24D9C21ED4}.Release|x64.Build.0 = Release|x64
		{8DFF9ED8-060E-427F-937B-FC24D9C21ED4}.Release|x86.ActiveCfg = Release|Win32
		{8DFF9ED8-060E-427F-937B-FC24D9C21ED4}.Release|x86.Build.0 = Release|Win32
		{376190E6-2381-4214-84CD-9B165CEE1774}.Debug|x64.ActiveCfg = Debug|x64
		{376190E6-2381-4214-84CD-9B165CEE1774}.Debug|x64.Build.0 = Debug|x64
		{376190E6-2381-4214-84CD-9B165CEE1774}.Debug|x86.ActiveCfg = Debug|Win32
		{376190E6-2381-4214-84CD-9B165CEE1774}.Debug|x86.Build.0 = Debug|Win32
		{376190E6-2381-4214-84CD-9B165CEE1774}.Release|x64.ActiveCfg = Release|x64
		{376190E6-2381-4214-84CD-9B165CEE1774}.Release|x64.Build.0 = Release|x64
		{376190E6-2381-4214-84CD-9B165CEE1774}.Release|x86.ActiveCfg = Release|Win32
		{376190E6-2381-4214-84CD-9B165CEE1774}.Release|x86.Build.0 = Release|Win32
		{11E49575-BFEF-42E1-B52B-A3283BFE2927}.Debug|x64.ActiveCfg = Debug|x64
		{11E49575-BFEF-42E1-B52B-A3283BFE2927}.Debug|x64.Build.0 = Debug|x64
		{11E49575-BFEF-42E1-B52B-A3283BFE2927}.Debug|x86.ActiveCfg = Debug|Win32
		{11E49575-BFEF-42E1-B52B-A3283BFE2927}.Debug|x86.Build.0 = Debug|Win32
		{11E49575-BFEF-42E1-B52B-A3283BFE2927}.Release|x64.ActiveCfg = Release|x64
		{11E49575-BFEF-42E1-B52B-A3283BFE2927}.Release|x64.Build.0 = Release|x64
		{11E49575-BFEF-42E1-B52B-A3283BFE2927}.Release|x86.ActiveCfg = Release|Win32
		{11E49575-BFEF-42E1-B52B-A3283BFE2927}.Release|x86.Build.0 = Release|Win32
		{49571920-60F5-49E3-AC5B-DBA9B942E66E}.Debug|x64.ActiveCfg = Debug|x64
		{49571920-60F5-49E3-AC5B-DBA9B942E66E}.Debug|x64.Build.0 = Debug|x64
		{49571920-60F5-49E3-AC5B-DBA9B942E66E}.Debug|x86.ActiveCfg = Debug|Win32
		{49571920-60F5-49E3-AC5B-DBA9B942E66E}.Debug|x86.Build.0 = Debug|Win32
		{49571920-60F5-49E3-AC5B-DBA9B942E66E}.Release|x64.ActiveCfg = Release|x64
		{49571920-60F5-49E3-AC5B-DBA9B942E66E}.Release|x64.Build.0 = Release|x64
		{49571920-60F5-49E3-AC5B-DBA9B942E66E}.Release|x86.ActiveCfg = Release|Win32
		{49571920-60F5-49E3-AC5B-DBA9B942E66E}.Release|x86.Build.0 = Release|Win32
		{CA34A274-5D4A-4519-9BA9-CEA733AFF299}.Debug|x64.ActiveCfg = Debug|x64
		{CA34A274-5D4A-4519-9BA9-CEA733AFF299}.Debug|x64.Build.0 = Debug|x64
		{CA34A274-5D4A-4519-9BA9-CEA733AFF299}.Debug|x86.ActiveCfg = Debug|Win32
		{CA34A274-5D4A-4519-9BA9-CEA733AFF299}.Debug|x86.Build.0 = Debug|Win32
		{CA34A274-5D4A-4519-9BA9-CEA733AFF299}.Release|x64.ActiveCfg = Release|x64
		{CA34A274-5D4A-4519-9BA9-CEA733AFF299}.Release|x64.Build.0 = Release|x64
		{CA34A274-5D4A-4519-9BA9-CEA733AFF299}.Release|x86.ActiveCfg = Release|Win32
		{CA34A274-5D4A-4519-9BA9-CEA733AFF299}.Release|x86.Build.0 = Release|Win32
		{0B7A59C2-1DAE-467B-B4B9-E01CB5950F94}.Debug|x64.ActiveCfg = Debug|x64
		{0B7A59C2-1DAE-467B-B4B9-E01CB5950F94}.Debug|x64.Build.0 = Debug|x64
		{0B7A59C2-1DAE-467B-B4B9-E01CB5950F94}.Debug|x86.ActiveCfg = Debug|Win32
		{0B7A59C2-1DAE-467B-B4B9-E01CB5950F94}.Debug|x86.Build.0 = Debug|Win32
		{0B7A59C2-1DAE-467B-B4B9-E01CB5950F94}.Release|x64.ActiveCfg = Release|x64
		{0B7A59C2-1DAE-467B-B4B9-E01CB5950F94}.Release|x64.Build.0 = Release|x64
		{0B7A59C2-1DAE-467B-B4B9-E01CB5950F94}.Release|x86.ActiveCfg = Release|Win32
		{0B7A59C2-1DAE-467B-B4B9-E01CB5950F94}.Release|x86.Build.0 = Release|Win32
		{BCF46E25-9E2A-49AE-961C-D95BF7E555D1}.Debug|x64.ActiveCfg = Debug|x64
		{BCF46E25-9E2A-49AE-961C-D95BF7E555D1}.Debug|x64.Build.0 = Debug|x64
		{BCF46E25-9E2A-49AE-961C-D95BF7E555D1}.Debug|x86.ActiveCfg = Debug|Win32
		{BCF46E25-9E2A-49AE-961C-D95BF7E555D1}.Debug|x86.Build.0 = Debug|Win32
		{BCF46E25-9E2A-49AE-961C-D95BF7E555D1}.Release|x64.ActiveCfg = Release|x64
		{BCF46E25-9E2A-49AE-961C-D95BF7E555D1}.Release|x64.Build.0 = Release|x64
		{BCF46E25-9E2A-49AE-961C-D95BF7E555D1}.Release|x86.ActiveCfg = Release|Win32
		{BCF46E25-9E2A-49AE-961C-D95BF7E555D1}.Release|x86.Build.0 = Release|Win32
	EndGlobalSection
	GlobalSection(SolutionProperties) = preSolution
		HideSolutionNode = FALSE
	EndGlobalSection
	GlobalSection(ExtensibilityGlobals) = postSolution
		SolutionGuid = {0D8C600D-353C-4C35-BD63-EFEF06D97C8E}
	EndGlobalSection
EndGlobal
