
Microsoft Visual Studio Solution File, Format Version 12.00
# Visual Studio Version 17
VisualStudioVersion = 17.3.32811.315
MinimumVisualStudioVersion = 10.0.40219.1
Project("{8BC9CEB8-8B4A-11D0-8D11-00A0C91BC942}") = "3.1", "Homework\Homework.vcxproj", "{EE580D62-D3D3-4D70-98EE-A30218AE599E}"
EndProject
Project("{8BC9CEB8-8B4A-11D0-8D11-00A0C91BC942}") = "3.2", "3.2\3.2.vcxproj", "{D77F5890-5BBA-4F3F-B175-8E0AD3CC905D}"
EndProject
Project("{8BC9CEB8-8B4A-11D0-8D11-00A0C91BC942}") = "3.3", "3.3\3.3.vcxproj", "{C37EE3CE-73DA-444E-BDF5-DE9442669968}"
EndProject
Project("{8BC9CEB8-8B4A-11D0-8D11-00A0C91BC942}") = "3.4", "3.4\3.4.vcxproj", "{35D0DF30-C284-4117-9FD0-1B1E4504E5DD}"
EndProject
Project("{8BC9CEB8-8B4A-11D0-8D11-00A0C91BC942}") = "3.5", "3.5\3.5.vcxproj", "{99A19A3E-BD36-44F8-8745-FC12C5D4EC96}"
EndProject
Project("{8BC9CEB8-8B4A-11D0-8D11-00A0C91BC942}") = "4.1", "4.1\4.1.vcxproj", "{8DFF9ED8-060E-427F-937B-FC24D9C21ED4}"
EndProject
Project("{8BC9CEB8-8B4A-11D0-8D11-00A0C91BC942}") = "4.2", "4.2\4.2.vcxproj", "{376190E6-2381-4214-84CD-9B165CEE1774}"
EndProject
Project("{8BC9CEB8-8B4A-11D0-8D11-00A0C91BC942}") = "4.3", "4.3\4.3.vcxproj", "{11E49575-BFEF-42E1-B52B-A3283BFE2927}"
EndProject
Project("{8BC9CEB8-8B4A-11D0-8D11-00A0C91BC942}") = "4.4", "4.4\4.4.vcxproj", "{49571920-60F5-49E3-AC5B-DBA9B942E66E}"
EndProject
Project("{8BC9CEB8-8B4A-11D0-8D11-00A0C91BC942}") = "4.5", "4.5\4.5.vcxproj", "{CA34A274-5D4A-4519-9BA9-CEA733AFF299}"
EndProject
Project("{8BC9CEB8-8B4A-11D0-8D11-00A0C91BC942}") = "4.6", "4.6\4.6.vcxproj", "{0B7A59C2-1DAE-467B-B4B9-E01CB5950F94}"
EndProject
Project("{8BC9CEB8-8B4A-11D0-8D11-00A0C91BC942}") = "4.7", "4.7\4.7.vcxproj", "{BCF46E25-9E2A-49AE-961C-D95BF7E555D1}"
EndProject
Project("{8BC9CEB8-8B4A-11D0-8D11-00A0C91BC942}") = "4.8", "4.8\4.8.vcxproj", "{9244AC54-E60D-4EFC-B0A3-21DE7CCADA16}"
EndProject
Project("{8BC9CEB8-8B4A-11D0-8D11-00A0C91BC942}") = "[String checker]", "4.9\4.9.vcxproj", "{9A7C744F-B3EB-4DA6-992E-059906FB4253}"
EndProject
Project("{8BC9CEB8-8B4A-11D0-8D11-00A0C91BC942}") = "4.9", "5.1\5.1.vcxproj", "{D297AF7F-C16F-41B2-B76D-8DABE55BDA09}"
EndProject
Project("{8BC9CEB8-8B4A-11D0-8D11-00A0C91BC942}") = "5.1", "5.2\5.2.vcxproj", "{A234FEDB-5496-4ED1-AEA3-12FB2259D6D6}"
EndProject
Project("{8BC9CEB8-8B4A-11D0-8D11-00A0C91BC942}") = "5.2", "5.3\5.3.vcxproj", "{CABBC369-1874-4288-A791-AADD925AAFA2}"
EndProject
Project("{8BC9CEB8-8B4A-11D0-8D11-00A0C91BC942}") = "5.3.19", "5.4 [ФАЙЛЫ]\5.4 [ФАЙЛЫ].vcxproj", "{49B8D9AC-FE94-436E-8F12-8E67822322D7}"
EndProject
Project("{8BC9CEB8-8B4A-11D0-8D11-00A0C91BC942}") = "4.8[Deprecated]", "4.8[Deprecated]\4.8[Deprecated].vcxproj", "{B3F11FC8-9662-488E-B8F7-BA8211416CCF}"
EndProject
Project("{8BC9CEB8-8B4A-11D0-8D11-00A0C91BC942}") = "5.3.15", "5.4.15\5.4.15.vcxproj", "{16DDF79F-22FA-44AF-8114-F86C42792A36}"
EndProject
Project("{8BC9CEB8-8B4A-11D0-8D11-00A0C91BC942}") = "5.4.1", "5.5.1\5.5.1.vcxproj", "{B42913E2-BFB4-4551-B90E-477D146606A9}"
EndProject
Project("{8BC9CEB8-8B4A-11D0-8D11-00A0C91BC942}") = "5.4.19", "5.5.19\5.5.19.vcxproj", "{601D83E4-704B-455C-8AB0-7E8B122F5C15}"
EndProject
Project("{8BC9CEB8-8B4A-11D0-8D11-00A0C91BC942}") = "5.5.1", "5.6.1\5.6.1.vcxproj", "{DCB7F998-11ED-4196-99DE-03FE9CF1517D}"
EndProject
Project("{8BC9CEB8-8B4A-11D0-8D11-00A0C91BC942}") = "WordsSorting", "WordsSorting\WordsSorting.vcxproj", "{0E2D6BBB-565D-48A5-B568-22B011193F27}"
EndProject
Project("{8BC9CEB8-8B4A-11D0-8D11-00A0C91BC942}") = "Test", "Test\Test.vcxproj", "{D65CFDAC-6F5F-4511-9A0E-E5F5EEA3CD6D}"
EndProject
Project("{8BC9CEB8-8B4A-11D0-8D11-00A0C91BC942}") = "ТаблицаИстинности", "ТаблицаИстинности\ТаблицаИстинности.vcxproj", "{B1AB72A0-8FE8-4A7A-B642-D4467E7FD7BE}"
EndProject
Global
	GlobalSection(SolutionConfigurationPlatforms) = preSolution
		Debug|x64 = Debug|x64
		Debug|x86 = Debug|x86
		Release|x64 = Release|x64
		Release|x86 = Release|x86
	EndGlobalSection
	GlobalSection(ProjectConfigurationPlatforms) = postSolution
		{EE580D62-D3D3-4D70-98EE-A30218AE599E}.Debug|x64.ActiveCfg = Debug|x64
		{EE580D62-D3D3-4D70-98EE-A30218AE599E}.Debug|x64.Build.0 = Debug|x64
		{EE580D62-D3D3-4D70-98EE-A30218AE599E}.Debug|x86.ActiveCfg = Debug|Win32
		{EE580D62-D3D3-4D70-98EE-A30218AE599E}.Debug|x86.Build.0 = Debug|Win32
		{EE580D62-D3D3-4D70-98EE-A30218AE599E}.Release|x64.ActiveCfg = Release|x64
		{EE580D62-D3D3-4D70-98EE-A30218AE599E}.Release|x64.Build.0 = Release|x64
		{EE580D62-D3D3-4D70-98EE-A30218AE599E}.Release|x86.ActiveCfg = Release|Win32
		{EE580D62-D3D3-4D70-98EE-A30218AE599E}.Release|x86.Build.0 = Release|Win32
		{D77F5890-5BBA-4F3F-B175-8E0AD3CC905D}.Debug|x64.ActiveCfg = Debug|x64
		{D77F5890-5BBA-4F3F-B175-8E0AD3CC905D}.Debug|x64.Build.0 = Debug|x64
		{D77F5890-5BBA-4F3F-B175-8E0AD3CC905D}.Debug|x86.ActiveCfg = Debug|Win32
		{D77F5890-5BBA-4F3F-B175-8E0AD3CC905D}.Debug|x86.Build.0 = Debug|Win32
		{D77F5890-5BBA-4F3F-B175-8E0AD3CC905D}.Release|x64.ActiveCfg = Release|x64
		{D77F5890-5BBA-4F3F-B175-8E0AD3CC905D}.Release|x64.Build.0 = Release|x64
		{D77F5890-5BBA-4F3F-B175-8E0AD3CC905D}.Release|x86.ActiveCfg = Release|Win32
		{D77F5890-5BBA-4F3F-B175-8E0AD3CC905D}.Release|x86.Build.0 = Release|Win32
		{C37EE3CE-73DA-444E-BDF5-DE9442669968}.Debug|x64.ActiveCfg = Debug|x64
		{C37EE3CE-73DA-444E-BDF5-DE9442669968}.Debug|x64.Build.0 = Debug|x64
		{C37EE3CE-73DA-444E-BDF5-DE9442669968}.Debug|x86.ActiveCfg = Debug|Win32
		{C37EE3CE-73DA-444E-BDF5-DE9442669968}.Debug|x86.Build.0 = Debug|Win32
		{C37EE3CE-73DA-444E-BDF5-DE9442669968}.Release|x64.ActiveCfg = Release|x64
		{C37EE3CE-73DA-444E-BDF5-DE9442669968}.Release|x64.Build.0 = Release|x64
		{C37EE3CE-73DA-444E-BDF5-DE9442669968}.Release|x86.ActiveCfg = Release|Win32
		{C37EE3CE-73DA-444E-BDF5-DE9442669968}.Release|x86.Build.0 = Release|Win32
		{35D0DF30-C284-4117-9FD0-1B1E4504E5DD}.Debug|x64.ActiveCfg = Debug|x64
		{35D0DF30-C284-4117-9FD0-1B1E4504E5DD}.Debug|x64.Build.0 = Debug|x64
		{35D0DF30-C284-4117-9FD0-1B1E4504E5DD}.Debug|x86.ActiveCfg = Debug|Win32
		{35D0DF30-C284-4117-9FD0-1B1E4504E5DD}.Debug|x86.Build.0 = Debug|Win32
		{35D0DF30-C284-4117-9FD0-1B1E4504E5DD}.Release|x64.ActiveCfg = Release|x64
		{35D0DF30-C284-4117-9FD0-1B1E4504E5DD}.Release|x64.Build.0 = Release|x64
		{35D0DF30-C284-4117-9FD0-1B1E4504E5DD}.Release|x86.ActiveCfg = Release|Win32
		{35D0DF30-C284-4117-9FD0-1B1E4504E5DD}.Release|x86.Build.0 = Release|Win32
		{99A19A3E-BD36-44F8-8745-FC12C5D4EC96}.Debug|x64.ActiveCfg = Debug|x64
		{99A19A3E-BD36-44F8-8745-FC12C5D4EC96}.Debug|x64.Build.0 = Debug|x64
		{99A19A3E-BD36-44F8-8745-FC12C5D4EC96}.Debug|x86.ActiveCfg = Debug|Win32
		{99A19A3E-BD36-44F8-8745-FC12C5D4EC96}.Debug|x86.Build.0 = Debug|Win32
		{99A19A3E-BD36-44F8-8745-FC12C5D4EC96}.Release|x64.ActiveCfg = Release|x64
		{99A19A3E-BD36-44F8-8745-FC12C5D4EC96}.Release|x64.Build.0 = Release|x64
		{99A19A3E-BD36-44F8-8745-FC12C5D4EC96}.Release|x86.ActiveCfg = Release|Win32
		{99A19A3E-BD36-44F8-8745-FC12C5D4EC96}.Release|x86.Build.0 = Release|Win32
		{8DFF9ED8-060E-427F-937B-FC24D9C21ED4}.Debug|x64.ActiveCfg = Debug|x64
		{8DFF9ED8-060E-427F-937B-FC24D9C21ED4}.Debug|x64.Build.0 = Debug|x64
		{8DFF9ED8-060E-427F-937B-FC24D9C21ED4}.Debug|x86.ActiveCfg = Debug|Win32
		{8DFF9ED8-060E-427F-937B-FC24D9C21ED4}.Debug|x86.Build.0 = Debug|Win32
		{8DFF9ED8-060E-427F-937B-FC24D9C21ED4}.Release|x64.ActiveCfg = Release|x64
		{8DFF9ED8-060E-427F-937B-FC24D9C21ED4}.Release|x64.Build.0 = Release|x64
		{8DFF9ED8-060E-427F-937B-FC24D9C21ED4}.Release|x86.ActiveCfg = Release|Win32
		{8DFF9ED8-060E-427F-937B-FC24D9C21ED4}.Release|x86.Build.0 = Release|Win32
		{376190E6-2381-4214-84CD-9B165CEE1774}.Debug|x64.ActiveCfg = Debug|x64
		{376190E6-2381-4214-84CD-9B165CEE1774}.Debug|x64.Build.0 = Debug|x64
		{376190E6-2381-4214-84CD-9B165CEE1774}.Debug|x86.ActiveCfg = Debug|Win32
		{376190E6-2381-4214-84CD-9B165CEE1774}.Debug|x86.Build.0 = Debug|Win32
		{376190E6-2381-4214-84CD-9B165CEE1774}.Release|x64.ActiveCfg = Release|x64
		{376190E6-2381-4214-84CD-9B165CEE1774}.Release|x64.Build.0 = Release|x64
		{376190E6-2381-4214-84CD-9B165CEE1774}.Release|x86.ActiveCfg = Release|Win32
		{376190E6-2381-4214-84CD-9B165CEE1774}.Release|x86.Build.0 = Release|Win32
		{11E49575-BFEF-42E1-B52B-A3283BFE2927}.Debug|x64.ActiveCfg = Debug|x64
		{11E49575-BFEF-42E1-B52B-A3283BFE2927}.Debug|x64.Build.0 = Debug|x64
		{11E49575-BFEF-42E1-B52B-A3283BFE2927}.Debug|x86.ActiveCfg = Debug|Win32
		{11E49575-BFEF-42E1-B52B-A3283BFE2927}.Debug|x86.Build.0 = Debug|Win32
		{11E49575-BFEF-42E1-B52B-A3283BFE2927}.Release|x64.ActiveCfg = Release|x64
		{11E49575-BFEF-42E1-B52B-A3283BFE2927}.Release|x64.Build.0 = Release|x64
		{11E49575-BFEF-42E1-B52B-A3283BFE2927}.Release|x86.ActiveCfg = Release|Win32
		{11E49575-BFEF-42E1-B52B-A3283BFE2927}.Release|x86.Build.0 = Release|Win32
		{49571920-60F5-49E3-AC5B-DBA9B942E66E}.Debug|x64.ActiveCfg = Debug|x64
		{49571920-60F5-49E3-AC5B-DBA9B942E66E}.Debug|x64.Build.0 = Debug|x64
		{49571920-60F5-49E3-AC5B-DBA9B942E66E}.Debug|x86.ActiveCfg = Debug|Win32
		{49571920-60F5-49E3-AC5B-DBA9B942E66E}.Debug|x86.Build.0 = Debug|Win32
		{49571920-60F5-49E3-AC5B-DBA9B942E66E}.Release|x64.ActiveCfg = Release|x64
		{49571920-60F5-49E3-AC5B-DBA9B942E66E}.Release|x64.Build.0 = Release|x64
		{49571920-60F5-49E3-AC5B-DBA9B942E66E}.Release|x86.ActiveCfg = Release|Win32
		{49571920-60F5-49E3-AC5B-DBA9B942E66E}.Release|x86.Build.0 = Release|Win32
		{CA34A274-5D4A-4519-9BA9-CEA733AFF299}.Debug|x64.ActiveCfg = Debug|x64
		{CA34A274-5D4A-4519-9BA9-CEA733AFF299}.Debug|x64.Build.0 = Debug|x64
		{CA34A274-5D4A-4519-9BA9-CEA733AFF299}.Debug|x86.ActiveCfg = Debug|Win32
		{CA34A274-5D4A-4519-9BA9-CEA733AFF299}.Debug|x86.Build.0 = Debug|Win32
		{CA34A274-5D4A-4519-9BA9-CEA733AFF299}.Release|x64.ActiveCfg = Release|x64
		{CA34A274-5D4A-4519-9BA9-CEA733AFF299}.Release|x64.Build.0 = Release|x64
		{CA34A274-5D4A-4519-9BA9-CEA733AFF299}.Release|x86.ActiveCfg = Release|Win32
		{CA34A274-5D4A-4519-9BA9-CEA733AFF299}.Release|x86.Build.0 = Release|Win32
		{0B7A59C2-1DAE-467B-B4B9-E01CB5950F94}.Debug|x64.ActiveCfg = Debug|x64
		{0B7A59C2-1DAE-467B-B4B9-E01CB5950F94}.Debug|x64.Build.0 = Debug|x64
		{0B7A59C2-1DAE-467B-B4B9-E01CB5950F94}.Debug|x86.ActiveCfg = Debug|Win32
		{0B7A59C2-1DAE-467B-B4B9-E01CB5950F94}.Debug|x86.Build.0 = Debug|Win32
		{0B7A59C2-1DAE-467B-B4B9-E01CB5950F94}.Release|x64.ActiveCfg = Release|x64
		{0B7A59C2-1DAE-467B-B4B9-E01CB5950F94}.Release|x64.Build.0 = Release|x64
		{0B7A59C2-1DAE-467B-B4B9-E01CB5950F94}.Release|x86.ActiveCfg = Release|Win32
		{0B7A59C2-1DAE-467B-B4B9-E01CB5950F94}.Release|x86.Build.0 = Release|Win32
		{BCF46E25-9E2A-49AE-961C-D95BF7E555D1}.Debug|x64.ActiveCfg = Debug|x64
		{BCF46E25-9E2A-49AE-961C-D95BF7E555D1}.Debug|x64.Build.0 = Debug|x64
		{BCF46E25-9E2A-49AE-961C-D95BF7E555D1}.Debug|x86.ActiveCfg = Debug|Win32
		{BCF46E25-9E2A-49AE-961C-D95BF7E555D1}.Debug|x86.Build.0 = Debug|Win32
		{BCF46E25-9E2A-49AE-961C-D95BF7E555D1}.Release|x64.ActiveCfg = Release|x64
		{BCF46E25-9E2A-49AE-961C-D95BF7E555D1}.Release|x64.Build.0 = Release|x64
		{BCF46E25-9E2A-49AE-961C-D95BF7E555D1}.Release|x86.ActiveCfg = Release|Win32
		{BCF46E25-9E2A-49AE-961C-D95BF7E555D1}.Release|x86.Build.0 = Release|Win32
		{9244AC54-E60D-4EFC-B0A3-21DE7CCADA16}.Debug|x64.ActiveCfg = Debug|x64
		{9244AC54-E60D-4EFC-B0A3-21DE7CCADA16}.Debug|x64.Build.0 = Debug|x64
		{9244AC54-E60D-4EFC-B0A3-21DE7CCADA16}.Debug|x86.ActiveCfg = Debug|Win32
		{9244AC54-E60D-4EFC-B0A3-21DE7CCADA16}.Debug|x86.Build.0 = Debug|Win32
		{9244AC54-E60D-4EFC-B0A3-21DE7CCADA16}.Release|x64.ActiveCfg = Release|x64
		{9244AC54-E60D-4EFC-B0A3-21DE7CCADA16}.Release|x64.Build.0 = Release|x64
		{9244AC54-E60D-4EFC-B0A3-21DE7CCADA16}.Release|x86.ActiveCfg = Release|Win32
		{9244AC54-E60D-4EFC-B0A3-21DE7CCADA16}.Release|x86.Build.0 = Release|Win32
		{9A7C744F-B3EB-4DA6-992E-059906FB4253}.Debug|x64.ActiveCfg = Debug|x64
		{9A7C744F-B3EB-4DA6-992E-059906FB4253}.Debug|x64.Build.0 = Debug|x64
		{9A7C744F-B3EB-4DA6-992E-059906FB4253}.Debug|x86.ActiveCfg = Debug|Win32
		{9A7C744F-B3EB-4DA6-992E-059906FB4253}.Debug|x86.Build.0 = Debug|Win32
		{9A7C744F-B3EB-4DA6-992E-059906FB4253}.Release|x64.ActiveCfg = Release|x64
		{9A7C744F-B3EB-4DA6-992E-059906FB4253}.Release|x64.Build.0 = Release|x64
		{9A7C744F-B3EB-4DA6-992E-059906FB4253}.Release|x86.ActiveCfg = Release|Win32
		{9A7C744F-B3EB-4DA6-992E-059906FB4253}.Release|x86.Build.0 = Release|Win32
		{D297AF7F-C16F-41B2-B76D-8DABE55BDA09}.Debug|x64.ActiveCfg = Debug|x64
		{D297AF7F-C16F-41B2-B76D-8DABE55BDA09}.Debug|x64.Build.0 = Debug|x64
		{D297AF7F-C16F-41B2-B76D-8DABE55BDA09}.Debug|x86.ActiveCfg = Debug|Win32
		{D297AF7F-C16F-41B2-B76D-8DABE55BDA09}.Debug|x86.Build.0 = Debug|Win32
		{D297AF7F-C16F-41B2-B76D-8DABE55BDA09}.Release|x64.ActiveCfg = Release|x64
		{D297AF7F-C16F-41B2-B76D-8DABE55BDA09}.Release|x64.Build.0 = Release|x64
		{D297AF7F-C16F-41B2-B76D-8DABE55BDA09}.Release|x86.ActiveCfg = Release|Win32
		{D297AF7F-C16F-41B2-B76D-8DABE55BDA09}.Release|x86.Build.0 = Release|Win32
		{A234FEDB-5496-4ED1-AEA3-12FB2259D6D6}.Debug|x64.ActiveCfg = Debug|x64
		{A234FEDB-5496-4ED1-AEA3-12FB2259D6D6}.Debug|x64.Build.0 = Debug|x64
		{A234FEDB-5496-4ED1-AEA3-12FB2259D6D6}.Debug|x86.ActiveCfg = Debug|Win32
		{A234FEDB-5496-4ED1-AEA3-12FB2259D6D6}.Debug|x86.Build.0 = Debug|Win32
		{A234FEDB-5496-4ED1-AEA3-12FB2259D6D6}.Release|x64.ActiveCfg = Release|x64
		{A234FEDB-5496-4ED1-AEA3-12FB2259D6D6}.Release|x64.Build.0 = Release|x64
		{A234FEDB-5496-4ED1-AEA3-12FB2259D6D6}.Release|x86.ActiveCfg = Release|Win32
		{A234FEDB-5496-4ED1-AEA3-12FB2259D6D6}.Release|x86.Build.0 = Release|Win32
		{CABBC369-1874-4288-A791-AADD925AAFA2}.Debug|x64.ActiveCfg = Debug|x64
		{CABBC369-1874-4288-A791-AADD925AAFA2}.Debug|x64.Build.0 = Debug|x64
		{CABBC369-1874-4288-A791-AADD925AAFA2}.Debug|x86.ActiveCfg = Debug|Win32
		{CABBC369-1874-4288-A791-AADD925AAFA2}.Debug|x86.Build.0 = Debug|Win32
		{CABBC369-1874-4288-A791-AADD925AAFA2}.Release|x64.ActiveCfg = Release|x64
		{CABBC369-1874-4288-A791-AADD925AAFA2}.Release|x64.Build.0 = Release|x64
		{CABBC369-1874-4288-A791-AADD925AAFA2}.Release|x86.ActiveCfg = Release|Win32
		{CABBC369-1874-4288-A791-AADD925AAFA2}.Release|x86.Build.0 = Release|Win32
		{49B8D9AC-FE94-436E-8F12-8E67822322D7}.Debug|x64.ActiveCfg = Debug|x64
		{49B8D9AC-FE94-436E-8F12-8E67822322D7}.Debug|x64.Build.0 = Debug|x64
		{49B8D9AC-FE94-436E-8F12-8E67822322D7}.Debug|x86.ActiveCfg = Debug|Win32
		{49B8D9AC-FE94-436E-8F12-8E67822322D7}.Debug|x86.Build.0 = Debug|Win32
		{49B8D9AC-FE94-436E-8F12-8E67822322D7}.Release|x64.ActiveCfg = Release|x64
		{49B8D9AC-FE94-436E-8F12-8E67822322D7}.Release|x64.Build.0 = Release|x64
		{49B8D9AC-FE94-436E-8F12-8E67822322D7}.Release|x86.ActiveCfg = Release|Win32
		{49B8D9AC-FE94-436E-8F12-8E67822322D7}.Release|x86.Build.0 = Release|Win32
		{B3F11FC8-9662-488E-B8F7-BA8211416CCF}.Debug|x64.ActiveCfg = Debug|x64
		{B3F11FC8-9662-488E-B8F7-BA8211416CCF}.Debug|x64.Build.0 = Debug|x64
		{B3F11FC8-9662-488E-B8F7-BA8211416CCF}.Debug|x86.ActiveCfg = Debug|Win32
		{B3F11FC8-9662-488E-B8F7-BA8211416CCF}.Debug|x86.Build.0 = Debug|Win32
		{B3F11FC8-9662-488E-B8F7-BA8211416CCF}.Release|x64.ActiveCfg = Release|x64
		{B3F11FC8-9662-488E-B8F7-BA8211416CCF}.Release|x64.Build.0 = Release|x64
		{B3F11FC8-9662-488E-B8F7-BA8211416CCF}.Release|x86.ActiveCfg = Release|Win32
		{B3F11FC8-9662-488E-B8F7-BA8211416CCF}.Release|x86.Build.0 = Release|Win32
		{16DDF79F-22FA-44AF-8114-F86C42792A36}.Debug|x64.ActiveCfg = Debug|x64
		{16DDF79F-22FA-44AF-8114-F86C42792A36}.Debug|x64.Build.0 = Debug|x64
		{16DDF79F-22FA-44AF-8114-F86C42792A36}.Debug|x86.ActiveCfg = Debug|Win32
		{16DDF79F-22FA-44AF-8114-F86C42792A36}.Debug|x86.Build.0 = Debug|Win32
		{16DDF79F-22FA-44AF-8114-F86C42792A36}.Release|x64.ActiveCfg = Release|x64
		{16DDF79F-22FA-44AF-8114-F86C42792A36}.Release|x64.Build.0 = Release|x64
		{16DDF79F-22FA-44AF-8114-F86C42792A36}.Release|x86.ActiveCfg = Release|Win32
		{16DDF79F-22FA-44AF-8114-F86C42792A36}.Release|x86.Build.0 = Release|Win32
		{B42913E2-BFB4-4551-B90E-477D146606A9}.Debug|x64.ActiveCfg = Debug|x64
		{B42913E2-BFB4-4551-B90E-477D146606A9}.Debug|x64.Build.0 = Debug|x64
		{B42913E2-BFB4-4551-B90E-477D146606A9}.Debug|x86.ActiveCfg = Debug|Win32
		{B42913E2-BFB4-4551-B90E-477D146606A9}.Debug|x86.Build.0 = Debug|Win32
		{B42913E2-BFB4-4551-B90E-477D146606A9}.Release|x64.ActiveCfg = Release|x64
		{B42913E2-BFB4-4551-B90E-477D146606A9}.Release|x64.Build.0 = Release|x64
		{B42913E2-BFB4-4551-B90E-477D146606A9}.Release|x86.ActiveCfg = Release|Win32
		{B42913E2-BFB4-4551-B90E-477D146606A9}.Release|x86.Build.0 = Release|Win32
		{601D83E4-704B-455C-8AB0-7E8B122F5C15}.Debug|x64.ActiveCfg = Debug|x64
		{601D83E4-704B-455C-8AB0-7E8B122F5C15}.Debug|x64.Build.0 = Debug|x64
		{601D83E4-704B-455C-8AB0-7E8B122F5C15}.Debug|x86.ActiveCfg = Debug|Win32
		{601D83E4-704B-455C-8AB0-7E8B122F5C15}.Debug|x86.Build.0 = Debug|Win32
		{601D83E4-704B-455C-8AB0-7E8B122F5C15}.Release|x64.ActiveCfg = Release|x64
		{601D83E4-704B-455C-8AB0-7E8B122F5C15}.Release|x64.Build.0 = Release|x64
		{601D83E4-704B-455C-8AB0-7E8B122F5C15}.Release|x86.ActiveCfg = Release|Win32
		{601D83E4-704B-455C-8AB0-7E8B122F5C15}.Release|x86.Build.0 = Release|Win32
		{DCB7F998-11ED-4196-99DE-03FE9CF1517D}.Debug|x64.ActiveCfg = Debug|x64
		{DCB7F998-11ED-4196-99DE-03FE9CF1517D}.Debug|x64.Build.0 = Debug|x64
		{DCB7F998-11ED-4196-99DE-03FE9CF1517D}.Debug|x86.ActiveCfg = Debug|Win32
		{DCB7F998-11ED-4196-99DE-03FE9CF1517D}.Debug|x86.Build.0 = Debug|Win32
		{DCB7F998-11ED-4196-99DE-03FE9CF1517D}.Release|x64.ActiveCfg = Release|x64
		{DCB7F998-11ED-4196-99DE-03FE9CF1517D}.Release|x64.Build.0 = Release|x64
		{DCB7F998-11ED-4196-99DE-03FE9CF1517D}.Release|x86.ActiveCfg = Release|Win32
		{DCB7F998-11ED-4196-99DE-03FE9CF1517D}.Release|x86.Build.0 = Release|Win32
		{0E2D6BBB-565D-48A5-B568-22B011193F27}.Debug|x64.ActiveCfg = Debug|x64
		{0E2D6BBB-565D-48A5-B568-22B011193F27}.Debug|x64.Build.0 = Debug|x64
		{0E2D6BBB-565D-48A5-B568-22B011193F27}.Debug|x86.ActiveCfg = Debug|Win32
		{0E2D6BBB-565D-48A5-B568-22B011193F27}.Debug|x86.Build.0 = Debug|Win32
		{0E2D6BBB-565D-48A5-B568-22B011193F27}.Release|x64.ActiveCfg = Release|x64
		{0E2D6BBB-565D-48A5-B568-22B011193F27}.Release|x64.Build.0 = Release|x64
		{0E2D6BBB-565D-48A5-B568-22B011193F27}.Release|x86.ActiveCfg = Release|Win32
		{0E2D6BBB-565D-48A5-B568-22B011193F27}.Release|x86.Build.0 = Release|Win32
		{D65CFDAC-6F5F-4511-9A0E-E5F5EEA3CD6D}.Debug|x64.ActiveCfg = Debug|x64
		{D65CFDAC-6F5F-4511-9A0E-E5F5EEA3CD6D}.Debug|x64.Build.0 = Debug|x64
		{D65CFDAC-6F5F-4511-9A0E-E5F5EEA3CD6D}.Debug|x86.ActiveCfg = Debug|Win32
		{D65CFDAC-6F5F-4511-9A0E-E5F5EEA3CD6D}.Debug|x86.Build.0 = Debug|Win32
		{D65CFDAC-6F5F-4511-9A0E-E5F5EEA3CD6D}.Release|x64.ActiveCfg = Release|x64
		{D65CFDAC-6F5F-4511-9A0E-E5F5EEA3CD6D}.Release|x64.Build.0 = Release|x64
		{D65CFDAC-6F5F-4511-9A0E-E5F5EEA3CD6D}.Release|x86.ActiveCfg = Release|Win32
		{D65CFDAC-6F5F-4511-9A0E-E5F5EEA3CD6D}.Release|x86.Build.0 = Release|Win32
		{B1AB72A0-8FE8-4A7A-B642-D4467E7FD7BE}.Debug|x64.ActiveCfg = Debug|x64
		{B1AB72A0-8FE8-4A7A-B642-D4467E7FD7BE}.Debug|x64.Build.0 = Debug|x64
		{B1AB72A0-8FE8-4A7A-B642-D4467E7FD7BE}.Debug|x86.ActiveCfg = Debug|Win32
		{B1AB72A0-8FE8-4A7A-B642-D4467E7FD7BE}.Debug|x86.Build.0 = Debug|Win32
		{B1AB72A0-8FE8-4A7A-B642-D4467E7FD7BE}.Release|x64.ActiveCfg = Release|x64
		{B1AB72A0-8FE8-4A7A-B642-D4467E7FD7BE}.Release|x64.Build.0 = Release|x64
		{B1AB72A0-8FE8-4A7A-B642-D4467E7FD7BE}.Release|x86.ActiveCfg = Release|Win32
		{B1AB72A0-8FE8-4A7A-B642-D4467E7FD7BE}.Release|x86.Build.0 = Release|Win32
	EndGlobalSection
	GlobalSection(SolutionProperties) = preSolution
		HideSolutionNode = FALSE
	EndGlobalSection
	GlobalSection(ExtensibilityGlobals) = postSolution
		SolutionGuid = {0D8C600D-353C-4C35-BD63-EFEF06D97C8E}
	EndGlobalSection
EndGlobal
